
Microsoft Visual Studio Solution File, Format Version 12.00
# Visual Studio 15
VisualStudioVersion = 15.0.28307.168
MinimumVisualStudioVersion = 10.0.40219.1
Project("{9A19103F-16F7-4668-BE54-9A1E7A4F7556}") = "kubeApi", "kubeApi\kubeApi.csproj", "{5305AA6D-BF2F-4238-8108-AE7EC75D09DA}"
EndProject
Project("{9A19103F-16F7-4668-BE54-9A1E7A4F7556}") = "KubeUI", "..\KubeUI\KubeUI\KubeUI.csproj", "{5656C3A6-1040-4AF1-9E42-FAE34EA58D92}"
EndProject
Project("{2150E333-8FDC-42A3-9474-1A3956D46DE8}") = "Solution Items", "Solution Items", "{0B9021DC-A4AF-4F66-BD38-A507065A0FE7}"
EndProject
Global
	GlobalSection(SolutionConfigurationPlatforms) = preSolution
		Debug|Any CPU = Debug|Any CPU
		Release|Any CPU = Release|Any CPU
	EndGlobalSection
	GlobalSection(ProjectConfigurationPlatforms) = postSolution
		{5305AA6D-BF2F-4238-8108-AE7EC75D09DA}.Debug|Any CPU.ActiveCfg = Debug|Any CPU
		{5305AA6D-BF2F-4238-8108-AE7EC75D09DA}.Debug|Any CPU.Build.0 = Debug|Any CPU
		{5305AA6D-BF2F-4238-8108-AE7EC75D09DA}.Release|Any CPU.ActiveCfg = Release|Any CPU
		{5305AA6D-BF2F-4238-8108-AE7EC75D09DA}.Release|Any CPU.Build.0 = Release|Any CPU
		{5656C3A6-1040-4AF1-9E42-FAE34EA58D92}.Debug|Any CPU.ActiveCfg = Debug|Any CPU
		{5656C3A6-1040-4AF1-9E42-FAE34EA58D92}.Debug|Any CPU.Build.0 = Debug|Any CPU
		{5656C3A6-1040-4AF1-9E42-FAE34EA58D92}.Release|Any CPU.ActiveCfg = Release|Any CPU
		{5656C3A6-1040-4AF1-9E42-FAE34EA58D92}.Release|Any CPU.Build.0 = Release|Any CPU
	EndGlobalSection
	GlobalSection(SolutionProperties) = preSolution
		HideSolutionNode = FALSE
	EndGlobalSection
	GlobalSection(ExtensibilityGlobals) = postSolution
		SolutionGuid = {BA9ED34D-AA43-4EFE-B8E8-5D4C3AC39A72}
	EndGlobalSection
EndGlobal
